
Microsoft Visual Studio Solution File, Format Version 12.00
# Visual Studio Version 17
VisualStudioVersion = 17.3.32922.545
MinimumVisualStudioVersion = 10.0.40219.1
Project("{9A19103F-16F7-4668-BE54-9A1E7A4F7556}") = "M01_Grundlagen", "HalloWPF\M01_Grundlagen.csproj", "{1E79FD42-C82F-43F2-84AA-4DF775C1C986}"
EndProject
Project("{9A19103F-16F7-4668-BE54-9A1E7A4F7556}") = "M02_Controls", "Controls\M02_Controls.csproj", "{F872D323-BAAA-4D78-91FE-5939FEAE4AD1}"
EndProject
Project("{9A19103F-16F7-4668-BE54-9A1E7A4F7556}") = "Personendatenbank", "Personendatenbank\Personendatenbank.csproj", "{D3E819D4-A9B5-48F9-8A9B-FA8D52CCAD3B}"
EndProject
Project("{9A19103F-16F7-4668-BE54-9A1E7A4F7556}") = "M03_Container", "Container\M03_Container.csproj", "{0CFFEAC9-8833-46E9-9E87-016792E03BB5}"
EndProject
Project("{9A19103F-16F7-4668-BE54-9A1E7A4F7556}") = "M04_EventRouting", "EventRouting\M04_EventRouting.csproj", "{2C7D7549-424E-423E-87E1-C7F14316F23F}"
EndProject
Project("{9A19103F-16F7-4668-BE54-9A1E7A4F7556}") = "M05_PropertyBinding", "PropertyBinding\M05_PropertyBinding.csproj", "{33CE8F0A-B097-4F02-8438-5B272E3BC170}"
EndProject
Project("{9A19103F-16F7-4668-BE54-9A1E7A4F7556}") = "ColorPicker", "ColorPicker\ColorPicker.csproj", "{FD0908E4-0BC7-4FAC-BCBB-3CB4AFDE94CA}"
EndProject
Project("{9A19103F-16F7-4668-BE54-9A1E7A4F7556}") = "M06_DataBinding", "DataBinding\M06_DataBinding.csproj", "{E7A3C99A-D3D4-4340-B6F7-61674E3F0DFD}"
EndProject
Project("{9A19103F-16F7-4668-BE54-9A1E7A4F7556}") = "M07_Resources_Styles", "Resources_Styles\M07_Resources_Styles.csproj", "{4A56CE26-C312-471F-B6D2-CBD4598B12FF}"
EndProject
Project("{9A19103F-16F7-4668-BE54-9A1E7A4F7556}") = "M08_Templates", "Templates\M08_Templates.csproj", "{0E492E25-D05E-46F1-BAB7-6DF16F4955F8}"
EndProject
Project("{9A19103F-16F7-4668-BE54-9A1E7A4F7556}") = "M09_Validation", "Validation\M09_Validation.csproj", "{053776E1-FA7E-4D39-BA94-4591B081BBDE}"
EndProject
Project("{9A19103F-16F7-4668-BE54-9A1E7A4F7556}") = "M10_Trigger", "Trigger\M10_Trigger.csproj", "{D821A0DE-7FE5-48D1-B7EC-8A43308D9CBC}"
EndProject
Project("{9A19103F-16F7-4668-BE54-9A1E7A4F7556}") = "M11_UserControls", "UserControls\M11_UserControls.csproj", "{D29F399E-2613-43E4-8D66-4143C218E581}"
EndProject
Project("{FAE04EC0-301F-11D3-BF4B-00C04F79EFBC}") = "M12_RelativeSources", "RelativeSources\M12_RelativeSources.csproj", "{BB0406A6-EED5-4D90-B652-0272F713F986}"
EndProject
Project("{FAE04EC0-301F-11D3-BF4B-00C04F79EFBC}") = "M15_Localisation", "Localisation\M15_Localisation.csproj", "{968C267E-BBCA-419A-9D74-EE5839380259}"
EndProject
Project("{FAE04EC0-301F-11D3-BF4B-00C04F79EFBC}") = "M13_Commands", "Commands\M13_Commands.csproj", "{97EA4BDA-2665-4FC4-AD74-DF058E3818FD}"
EndProject
Global
	GlobalSection(SolutionConfigurationPlatforms) = preSolution
		Debug|Any CPU = Debug|Any CPU
		Release|Any CPU = Release|Any CPU
	EndGlobalSection
	GlobalSection(ProjectConfigurationPlatforms) = postSolution
		{1E79FD42-C82F-43F2-84AA-4DF775C1C986}.Debug|Any CPU.ActiveCfg = Debug|Any CPU
		{1E79FD42-C82F-43F2-84AA-4DF775C1C986}.Debug|Any CPU.Build.0 = Debug|Any CPU
		{1E79FD42-C82F-43F2-84AA-4DF775C1C986}.Release|Any CPU.ActiveCfg = Release|Any CPU
		{1E79FD42-C82F-43F2-84AA-4DF775C1C986}.Release|Any CPU.Build.0 = Release|Any CPU
		{F872D323-BAAA-4D78-91FE-5939FEAE4AD1}.Debug|Any CPU.ActiveCfg = Debug|Any CPU
		{F872D323-BAAA-4D78-91FE-5939FEAE4AD1}.Debug|Any CPU.Build.0 = Debug|Any CPU
		{F872D323-BAAA-4D78-91FE-5939FEAE4AD1}.Release|Any CPU.ActiveCfg = Release|Any CPU
		{F872D323-BAAA-4D78-91FE-5939FEAE4AD1}.Release|Any CPU.Build.0 = Release|Any CPU
		{D3E819D4-A9B5-48F9-8A9B-FA8D52CCAD3B}.Debug|Any CPU.ActiveCfg = Debug|Any CPU
		{D3E819D4-A9B5-48F9-8A9B-FA8D52CCAD3B}.Debug|Any CPU.Build.0 = Debug|Any CPU
		{D3E819D4-A9B5-48F9-8A9B-FA8D52CCAD3B}.Release|Any CPU.ActiveCfg = Release|Any CPU
		{D3E819D4-A9B5-48F9-8A9B-FA8D52CCAD3B}.Release|Any CPU.Build.0 = Release|Any CPU
		{0CFFEAC9-8833-46E9-9E87-016792E03BB5}.Debug|Any CPU.ActiveCfg = Debug|Any CPU
		{0CFFEAC9-8833-46E9-9E87-016792E03BB5}.Debug|Any CPU.Build.0 = Debug|Any CPU
		{0CFFEAC9-8833-46E9-9E87-016792E03BB5}.Release|Any CPU.ActiveCfg = Release|Any CPU
		{0CFFEAC9-8833-46E9-9E87-016792E03BB5}.Release|Any CPU.Build.0 = Release|Any CPU
		{2C7D7549-424E-423E-87E1-C7F14316F23F}.Debug|Any CPU.ActiveCfg = Debug|Any CPU
		{2C7D7549-424E-423E-87E1-C7F14316F23F}.Debug|Any CPU.Build.0 = Debug|Any CPU
		{2C7D7549-424E-423E-87E1-C7F14316F23F}.Release|Any CPU.ActiveCfg = Release|Any CPU
		{2C7D7549-424E-423E-87E1-C7F14316F23F}.Release|Any CPU.Build.0 = Release|Any CPU
		{33CE8F0A-B097-4F02-8438-5B272E3BC170}.Debug|Any CPU.ActiveCfg = Debug|Any CPU
		{33CE8F0A-B097-4F02-8438-5B272E3BC170}.Debug|Any CPU.Build.0 = Debug|Any CPU
		{33CE8F0A-B097-4F02-8438-5B272E3BC170}.Release|Any CPU.ActiveCfg = Release|Any CPU
		{33CE8F0A-B097-4F02-8438-5B272E3BC170}.Release|Any CPU.Build.0 = Release|Any CPU
		{FD0908E4-0BC7-4FAC-BCBB-3CB4AFDE94CA}.Debug|Any CPU.ActiveCfg = Debug|Any CPU
		{FD0908E4-0BC7-4FAC-BCBB-3CB4AFDE94CA}.Debug|Any CPU.Build.0 = Debug|Any CPU
		{FD0908E4-0BC7-4FAC-BCBB-3CB4AFDE94CA}.Release|Any CPU.ActiveCfg = Release|Any CPU
		{FD0908E4-0BC7-4FAC-BCBB-3CB4AFDE94CA}.Release|Any CPU.Build.0 = Release|Any CPU
		{E7A3C99A-D3D4-4340-B6F7-61674E3F0DFD}.Debug|Any CPU.ActiveCfg = Debug|Any CPU
		{E7A3C99A-D3D4-4340-B6F7-61674E3F0DFD}.Debug|Any CPU.Build.0 = Debug|Any CPU
		{E7A3C99A-D3D4-4340-B6F7-61674E3F0DFD}.Release|Any CPU.ActiveCfg = Release|Any CPU
		{E7A3C99A-D3D4-4340-B6F7-61674E3F0DFD}.Release|Any CPU.Build.0 = Release|Any CPU
		{4A56CE26-C312-471F-B6D2-CBD4598B12FF}.Debug|Any CPU.ActiveCfg = Debug|Any CPU
		{4A56CE26-C312-471F-B6D2-CBD4598B12FF}.Debug|Any CPU.Build.0 = Debug|Any CPU
		{4A56CE26-C312-471F-B6D2-CBD4598B12FF}.Release|Any CPU.ActiveCfg = Release|Any CPU
		{4A56CE26-C312-471F-B6D2-CBD4598B12FF}.Release|Any CPU.Build.0 = Release|Any CPU
		{0E492E25-D05E-46F1-BAB7-6DF16F4955F8}.Debug|Any CPU.ActiveCfg = Debug|Any CPU
		{0E492E25-D05E-46F1-BAB7-6DF16F4955F8}.Debug|Any CPU.Build.0 = Debug|Any CPU
		{0E492E25-D05E-46F1-BAB7-6DF16F4955F8}.Release|Any CPU.ActiveCfg = Release|Any CPU
		{0E492E25-D05E-46F1-BAB7-6DF16F4955F8}.Release|Any CPU.Build.0 = Release|Any CPU
		{053776E1-FA7E-4D39-BA94-4591B081BBDE}.Debug|Any CPU.ActiveCfg = Debug|Any CPU
		{053776E1-FA7E-4D39-BA94-4591B081BBDE}.Debug|Any CPU.Build.0 = Debug|Any CPU
		{053776E1-FA7E-4D39-BA94-4591B081BBDE}.Release|Any CPU.ActiveCfg = Release|Any CPU
		{053776E1-FA7E-4D39-BA94-4591B081BBDE}.Release|Any CPU.Build.0 = Release|Any CPU
		{D821A0DE-7FE5-48D1-B7EC-8A43308D9CBC}.Debug|Any CPU.ActiveCfg = Debug|Any CPU
		{D821A0DE-7FE5-48D1-B7EC-8A43308D9CBC}.Debug|Any CPU.Build.0 = Debug|Any CPU
		{D821A0DE-7FE5-48D1-B7EC-8A43308D9CBC}.Release|Any CPU.ActiveCfg = Release|Any CPU
		{D821A0DE-7FE5-48D1-B7EC-8A43308D9CBC}.Release|Any CPU.Build.0 = Release|Any CPU
		{D29F399E-2613-43E4-8D66-4143C218E581}.Debug|Any CPU.ActiveCfg = Debug|Any CPU
		{D29F399E-2613-43E4-8D66-4143C218E581}.Debug|Any CPU.Build.0 = Debug|Any CPU
		{D29F399E-2613-43E4-8D66-4143C218E581}.Release|Any CPU.ActiveCfg = Release|Any CPU
		{D29F399E-2613-43E4-8D66-4143C218E581}.Release|Any CPU.Build.0 = Release|Any CPU
		{BB0406A6-EED5-4D90-B652-0272F713F986}.Debug|Any CPU.ActiveCfg = Debug|Any CPU
		{BB0406A6-EED5-4D90-B652-0272F713F986}.Debug|Any CPU.Build.0 = Debug|Any CPU
		{BB0406A6-EED5-4D90-B652-0272F713F986}.Release|Any CPU.ActiveCfg = Release|Any CPU
		{BB0406A6-EED5-4D90-B652-0272F713F986}.Release|Any CPU.Build.0 = Release|Any CPU
		{968C267E-BBCA-419A-9D74-EE5839380259}.Debug|Any CPU.ActiveCfg = Debug|Any CPU
		{968C267E-BBCA-419A-9D74-EE5839380259}.Debug|Any CPU.Build.0 = Debug|Any CPU
		{968C267E-BBCA-419A-9D74-EE5839380259}.Release|Any CPU.ActiveCfg = Release|Any CPU
		{968C267E-BBCA-419A-9D74-EE5839380259}.Release|Any CPU.Build.0 = Release|Any CPU
		{97EA4BDA-2665-4FC4-AD74-DF058E3818FD}.Debug|Any CPU.ActiveCfg = Debug|Any CPU
		{97EA4BDA-2665-4FC4-AD74-DF058E3818FD}.Debug|Any CPU.Build.0 = Debug|Any CPU
		{97EA4BDA-2665-4FC4-AD74-DF058E3818FD}.Release|Any CPU.ActiveCfg = Release|Any CPU
		{97EA4BDA-2665-4FC4-AD74-DF058E3818FD}.Release|Any CPU.Build.0 = Release|Any CPU
	EndGlobalSection
	GlobalSection(SolutionProperties) = preSolution
		HideSolutionNode = FALSE
	EndGlobalSection
	GlobalSection(ExtensibilityGlobals) = postSolution
		SolutionGuid = {E1A5F2D2-89AC-4397-A733-346D70F8F97B}
	EndGlobalSection
EndGlobal
